// !$*UTF8*$!
{
	archiveVersion = 1;
	classes = {
	};
	objectVersion = 56;
	objects = {

/* Begin PBXBuildFile section */
		1A5ECCD92CEE1CB10060C6BB /* AddBookView.swift in Sources */ = {isa = PBXBuildFile; fileRef = 1A5ECCD82CEE1CB10060C6BB /* AddBookView.swift */; };
		1A5ECCDB2CEE38E60060C6BB /* RatingView.swift in Sources */ = {isa = PBXBuildFile; fileRef = 1A5ECCDA2CEE38E60060C6BB /* RatingView.swift */; };
		1A5ECCDD2CEE3F120060C6BB /* EmojiRatingView.swift in Sources */ = {isa = PBXBuildFile; fileRef = 1A5ECCDC2CEE3F120060C6BB /* EmojiRatingView.swift */; };
		1ACA62F72CECCCA0009E25E1 /* Project11_BookWormApp.swift in Sources */ = {isa = PBXBuildFile; fileRef = 1ACA62F62CECCCA0009E25E1 /* Project11_BookWormApp.swift */; };
		1ACA62F92CECCCA0009E25E1 /* ContentView.swift in Sources */ = {isa = PBXBuildFile; fileRef = 1ACA62F82CECCCA0009E25E1 /* ContentView.swift */; };
		1ACA62FB2CECCCA1009E25E1 /* Assets.xcassets in Resources */ = {isa = PBXBuildFile; fileRef = 1ACA62FA2CECCCA1009E25E1 /* Assets.xcassets */; };
		1ACA62FE2CECCCA1009E25E1 /* Preview Assets.xcassets in Resources */ = {isa = PBXBuildFile; fileRef = 1ACA62FD2CECCCA1009E25E1 /* Preview Assets.xcassets */; };
		1ACA63052CECEC3B009E25E1 /* Book.swift in Sources */ = {isa = PBXBuildFile; fileRef = 1ACA63042CECEC3B009E25E1 /* Book.swift */; };
/* End PBXBuildFile section */

/* Begin PBXFileReference section */
		1A5ECCD82CEE1CB10060C6BB /* AddBookView.swift */ = {isa = PBXFileReference; lastKnownFileType = sourcecode.swift; path = AddBookView.swift; sourceTree = "<group>"; };
		1A5ECCDA2CEE38E60060C6BB /* RatingView.swift */ = {isa = PBXFileReference; lastKnownFileType = sourcecode.swift; path = RatingView.swift; sourceTree = "<group>"; };
		1A5ECCDC2CEE3F120060C6BB /* EmojiRatingView.swift */ = {isa = PBXFileReference; lastKnownFileType = sourcecode.swift; path = EmojiRatingView.swift; sourceTree = "<group>"; };
		1ACA62F32CECCCA0009E25E1 /* Project11-BookWorm.app */ = {isa = PBXFileReference; explicitFileType = wrapper.application; includeInIndex = 0; path = "Project11-BookWorm.app"; sourceTree = BUILT_PRODUCTS_DIR; };
		1ACA62F62CECCCA0009E25E1 /* Project11_BookWormApp.swift */ = {isa = PBXFileReference; lastKnownFileType = sourcecode.swift; path = Project11_BookWormApp.swift; sourceTree = "<group>"; };
		1ACA62F82CECCCA0009E25E1 /* ContentView.swift */ = {isa = PBXFileReference; lastKnownFileType = sourcecode.swift; path = ContentView.swift; sourceTree = "<group>"; };
		1ACA62FA2CECCCA1009E25E1 /* Assets.xcassets */ = {isa = PBXFileReference; lastKnownFileType = folder.assetcatalog; path = Assets.xcassets; sourceTree = "<group>"; };
		1ACA62FD2CECCCA1009E25E1 /* Preview Assets.xcassets */ = {isa = PBXFileReference; lastKnownFileType = folder.assetcatalog; path = "Preview Assets.xcassets"; sourceTree = "<group>"; };
		1ACA63042CECEC3B009E25E1 /* Book.swift */ = {isa = PBXFileReference; lastKnownFileType = sourcecode.swift; path = Book.swift; sourceTree = "<group>"; };
/* End PBXFileReference section */

/* Begin PBXFrameworksBuildPhase section */
		1ACA62F02CECCCA0009E25E1 /* Frameworks */ = {
			isa = PBXFrameworksBuildPhase;
			buildActionMask = 2147483647;
			files = (
			);
			runOnlyForDeploymentPostprocessing = 0;
		};
/* End PBXFrameworksBuildPhase section */

/* Begin PBXGroup section */
		1ACA62EA2CECCCA0009E25E1 = {
			isa = PBXGroup;
			children = (
				1ACA62F52CECCCA0009E25E1 /* Project11-BookWorm */,
				1ACA62F42CECCCA0009E25E1 /* Products */,
			);
			sourceTree = "<group>";
		};
		1ACA62F42CECCCA0009E25E1 /* Products */ = {
			isa = PBXGroup;
			children = (
				1ACA62F32CECCCA0009E25E1 /* Project11-BookWorm.app */,
			);
			name = Products;
			sourceTree = "<group>";
		};
		1ACA62F52CECCCA0009E25E1 /* Project11-BookWorm */ = {
			isa = PBXGroup;
			children = (
				1ACA62F62CECCCA0009E25E1 /* Project11_BookWormApp.swift */,
				1ACA62F82CECCCA0009E25E1 /* ContentView.swift */,
				1A5ECCDC2CEE3F120060C6BB /* EmojiRatingView.swift */,
				1A5ECCDA2CEE38E60060C6BB /* RatingView.swift */,
				1A5ECCD82CEE1CB10060C6BB /* AddBookView.swift */,
				1ACA63042CECEC3B009E25E1 /* Book.swift */,
				1ACA62FA2CECCCA1009E25E1 /* Assets.xcassets */,
				1ACA62FC2CECCCA1009E25E1 /* Preview Content */,
			);
			path = "Project11-BookWorm";
			sourceTree = "<group>";
		};
		1ACA62FC2CECCCA1009E25E1 /* Preview Content */ = {
			isa = PBXGroup;
			children = (
				1ACA62FD2CECCCA1009E25E1 /* Preview Assets.xcassets */,
			);
			path = "Preview Content";
			sourceTree = "<group>";
		};
/* End PBXGroup section */

/* Begin PBXNativeTarget section */
		1ACA62F22CECCCA0009E25E1 /* Project11-BookWorm */ = {
			isa = PBXNativeTarget;
			buildConfigurationList = 1ACA63012CECCCA1009E25E1 /* Build configuration list for PBXNativeTarget "Project11-BookWorm" */;
			buildPhases = (
				1ACA62EF2CECCCA0009E25E1 /* Sources */,
				1ACA62F02CECCCA0009E25E1 /* Frameworks */,
				1ACA62F12CECCCA0009E25E1 /* Resources */,
			);
			buildRules = (
			);
			dependencies = (
			);
			name = "Project11-BookWorm";
			productName = "Project11-BookWorm";
			productReference = 1ACA62F32CECCCA0009E25E1 /* Project11-BookWorm.app */;
			productType = "com.apple.product-type.application";
		};
/* End PBXNativeTarget section */

/* Begin PBXProject section */
		1ACA62EB2CECCCA0009E25E1 /* Project object */ = {
			isa = PBXProject;
			attributes = {
				BuildIndependentTargetsInParallel = 1;
				LastSwiftUpdateCheck = 1540;
				LastUpgradeCheck = 1540;
				TargetAttributes = {
					1ACA62F22CECCCA0009E25E1 = {
						CreatedOnToolsVersion = 15.4;
					};
				};
			};
			buildConfigurationList = 1ACA62EE2CECCCA0009E25E1 /* Build configuration list for PBXProject "Project11-BookWorm" */;
			compatibilityVersion = "Xcode 14.0";
			developmentRegion = en;
			hasScannedForEncodings = 0;
			knownRegions = (
				en,
				Base,
			);
			mainGroup = 1ACA62EA2CECCCA0009E25E1;
			productRefGroup = 1ACA62F42CECCCA0009E25E1 /* Products */;
			projectDirPath = "";
			projectRoot = "";
			targets = (
				1ACA62F22CECCCA0009E25E1 /* Project11-BookWorm */,
			);
		};
/* End PBXProject section */

/* Begin PBXResourcesBuildPhase section */
		1ACA62F12CECCCA0009E25E1 /* Resources */ = {
			isa = PBXResourcesBuildPhase;
			buildActionMask = 2147483647;
			files = (
				1ACA62FE2CECCCA1009E25E1 /* Preview Assets.xcassets in Resources */,
				1ACA62FB2CECCCA1009E25E1 /* Assets.xcassets in Resources */,
			);
			runOnlyForDeploymentPostprocessing = 0;
		};
/* End PBXResourcesBuildPhase section */

/* Begin PBXSourcesBuildPhase section */
		1ACA62EF2CECCCA0009E25E1 /* Sources */ = {
			isa = PBXSourcesBuildPhase;
			buildActionMask = 2147483647;
			files = (
				1A5ECCD92CEE1CB10060C6BB /* AddBookView.swift in Sources */,
				1ACA62F92CECCCA0009E25E1 /* ContentView.swift in Sources */,
				1ACA63052CECEC3B009E25E1 /* Book.swift in Sources */,
				1A5ECCDB2CEE38E60060C6BB /* RatingView.swift in Sources */,
				1A5ECCDD2CEE3F120060C6BB /* EmojiRatingView.swift in Sources */,
				1ACA62F72CECCCA0009E25E1 /* Project11_BookWormApp.swift in Sources */,
			);
			runOnlyForDeploymentPostprocessing = 0;
		};
/* End PBXSourcesBuildPhase section */

/* Begin XCBuildConfiguration section */
		1ACA62FF2CECCCA1009E25E1 /* Debug */ = {
			isa = XCBuildConfiguration;
			buildSettings = {
				ALWAYS_SEARCH_USER_PATHS = NO;
				ASSETCATALOG_COMPILER_GENERATE_SWIFT_ASSET_SYMBOL_EXTENSIONS = YES;
				CLANG_ANALYZER_NONNULL = YES;
				CLANG_ANALYZER_NUMBER_OBJECT_CONVERSION = YES_AGGRESSIVE;
				CLANG_CXX_LANGUAGE_STANDARD = "gnu++20";
				CLANG_ENABLE_MODULES = YES;
				CLANG_ENABLE_OBJC_ARC = YES;
				CLANG_ENABLE_OBJC_WEAK = YES;
				CLANG_WARN_BLOCK_CAPTURE_AUTORELEASING = YES;
				CLANG_WARN_BOOL_CONVERSION = YES;
				CLANG_WARN_COMMA = YES;
				CLANG_WARN_CONSTANT_CONVERSION = YES;
				CLANG_WARN_DEPRECATED_OBJC_IMPLEMENTATIONS = YES;
				CLANG_WARN_DIRECT_OBJC_ISA_USAGE = YES_ERROR;
				CLANG_WARN_DOCUMENTATION_COMMENTS = YES;
				CLANG_WARN_EMPTY_BODY = YES;
				CLANG_WARN_ENUM_CONVERSION = YES;
				CLANG_WARN_INFINITE_RECURSION = YES;
				CLANG_WARN_INT_CONVERSION = YES;
				CLANG_WARN_NON_LITERAL_NULL_CONVERSION = YES;
				CLANG_WARN_OBJC_IMPLICIT_RETAIN_SELF = YES;
				CLANG_WARN_OBJC_LITERAL_CONVERSION = YES;
				CLANG_WARN_OBJC_ROOT_CLASS = YES_ERROR;
				CLANG_WARN_QUOTED_INCLUDE_IN_FRAMEWORK_HEADER = YES;
				CLANG_WARN_RANGE_LOOP_ANALYSIS = YES;
				CLANG_WARN_STRICT_PROTOTYPES = YES;
				CLANG_WARN_SUSPICIOUS_MOVE = YES;
				CLANG_WARN_UNGUARDED_AVAILABILITY = YES_AGGRESSIVE;
				CLANG_WARN_UNREACHABLE_CODE = YES;
				CLANG_WARN__DUPLICATE_METHOD_MATCH = YES;
				COPY_PHASE_STRIP = NO;
				DEBUG_INFORMATION_FORMAT = dwarf;
				ENABLE_STRICT_OBJC_MSGSEND = YES;
				ENABLE_TESTABILITY = YES;
				ENABLE_USER_SCRIPT_SANDBOXING = YES;
				GCC_C_LANGUAGE_STANDARD = gnu17;
				GCC_DYNAMIC_NO_PIC = NO;
				GCC_NO_COMMON_BLOCKS = YES;
				GCC_OPTIMIZATION_LEVEL = 0;
				GCC_PREPROCESSOR_DEFINITIONS = (
					"DEBUG=1",
					"$(inherited)",
				);
				GCC_WARN_64_TO_32_BIT_CONVERSION = YES;
				GCC_WARN_ABOUT_RETURN_TYPE = YES_ERROR;
				GCC_WARN_UNDECLARED_SELECTOR = YES;
				GCC_WARN_UNINITIALIZED_AUTOS = YES_AGGRESSIVE;
				GCC_WARN_UNUSED_FUNCTION = YES;
				GCC_WARN_UNUSED_VARIABLE = YES;
				IPHONEOS_DEPLOYMENT_TARGET = 17.5;
				LOCALIZATION_PREFERS_STRING_CATALOGS = YES;
				MTL_ENABLE_DEBUG_INFO = INCLUDE_SOURCE;
				MTL_FAST_MATH = YES;
				ONLY_ACTIVE_ARCH = YES;
				SDKROOT = iphoneos;
				SWIFT_ACTIVE_COMPILATION_CONDITIONS = "DEBUG $(inherited)";
				SWIFT_OPTIMIZATION_LEVEL = "-Onone";
			};
			name = Debug;
		};
		1ACA63002CECCCA1009E25E1 /* Release */ = {
			isa = XCBuildConfiguration;
			buildSettings = {
				ALWAYS_SEARCH_USER_PATHS = NO;
				ASSETCATALOG_COMPILER_GENERATE_SWIFT_ASSET_SYMBOL_EXTENSIONS = YES;
				CLANG_ANALYZER_NONNULL = YES;
				CLANG_ANALYZER_NUMBER_OBJECT_CONVERSION = YES_AGGRESSIVE;
				CLANG_CXX_LANGUAGE_STANDARD = "gnu++20";
				CLANG_ENABLE_MODULES = YES;
				CLANG_ENABLE_OBJC_ARC = YES;
				CLANG_ENABLE_OBJC_WEAK = YES;
				CLANG_WARN_BLOCK_CAPTURE_AUTORELEASING = YES;
				CLANG_WARN_BOOL_CONVERSION = YES;
				CLANG_WARN_COMMA = YES;
				CLANG_WARN_CONSTANT_CONVERSION = YES;
				CLANG_WARN_DEPRECATED_OBJC_IMPLEMENTATIONS = YES;
				CLANG_WARN_DIRECT_OBJC_ISA_USAGE = YES_ERROR;
				CLANG_WARN_DOCUMENTATION_COMMENTS = YES;
				CLANG_WARN_EMPTY_BODY = YES;
				CLANG_WARN_ENUM_CONVERSION = YES;
				CLANG_WARN_INFINITE_RECURSION = YES;
				CLANG_WARN_INT_CONVERSION = YES;
				CLANG_WARN_NON_LITERAL_NULL_CONVERSION = YES;
				CLANG_WARN_OBJC_IMPLICIT_RETAIN_SELF = YES;
				CLANG_WARN_OBJC_LITERAL_CONVERSION = YES;
				CLANG_WARN_OBJC_ROOT_CLASS = YES_ERROR;
				CLANG_WARN_QUOTED_INCLUDE_IN_FRAMEWORK_HEADER = YES;
				CLANG_WARN_RANGE_LOOP_ANALYSIS = YES;
				CLANG_WARN_STRICT_PROTOTYPES = YES;
				CLANG_WARN_SUSPICIOUS_MOVE = YES;
				CLANG_WARN_UNGUARDED_AVAILABILITY = YES_AGGRESSIVE;
				CLANG_WARN_UNREACHABLE_CODE = YES;
				CLANG_WARN__DUPLICATE_METHOD_MATCH = YES;
				COPY_PHASE_STRIP = NO;
				DEBUG_INFORMATION_FORMAT = "dwarf-with-dsym";
				ENABLE_NS_ASSERTIONS = NO;
				ENABLE_STRICT_OBJC_MSGSEND = YES;
				ENABLE_USER_SCRIPT_SANDBOXING = YES;
				GCC_C_LANGUAGE_STANDARD = gnu17;
				GCC_NO_COMMON_BLOCKS = YES;
				GCC_WARN_64_TO_32_BIT_CONVERSION = YES;
				GCC_WARN_ABOUT_RETURN_TYPE = YES_ERROR;
				GCC_WARN_UNDECLARED_SELECTOR = YES;
				GCC_WARN_UNINITIALIZED_AUTOS = YES_AGGRESSIVE;
				GCC_WARN_UNUSED_FUNCTION = YES;
				GCC_WARN_UNUSED_VARIABLE = YES;
				IPHONEOS_DEPLOYMENT_TARGET = 17.5;
				LOCALIZATION_PREFERS_STRING_CATALOGS = YES;
				MTL_ENABLE_DEBUG_INFO = NO;
				MTL_FAST_MATH = YES;
				SDKROOT = iphoneos;
				SWIFT_COMPILATION_MODE = wholemodule;
				VALIDATE_PRODUCT = YES;
			};
			name = Release;
		};
		1ACA63022CECCCA1009E25E1 /* Debug */ = {
			isa = XCBuildConfiguration;
			buildSettings = {
				ASSETCATALOG_COMPILER_APPICON_NAME = AppIcon;
				ASSETCATALOG_COMPILER_GLOBAL_ACCENT_COLOR_NAME = AccentColor;
				CODE_SIGN_STYLE = Automatic;
				CURRENT_PROJECT_VERSION = 1;
				DEVELOPMENT_ASSET_PATHS = "\"Project11-BookWorm/Preview Content\"";
				DEVELOPMENT_TEAM = 3L566L7593;
				ENABLE_PREVIEWS = YES;
				GENERATE_INFOPLIST_FILE = YES;
				INFOPLIST_KEY_UIApplicationSceneManifest_Generation = YES;
				INFOPLIST_KEY_UIApplicationSupportsIndirectInputEvents = YES;
				INFOPLIST_KEY_UILaunchScreen_Generation = YES;
				INFOPLIST_KEY_UISupportedInterfaceOrientations_iPad = "UIInterfaceOrientationPortrait UIInterfaceOrientationPortraitUpsideDown UIInterfaceOrientationLandscapeLeft UIInterfaceOrientationLandscapeRight";
				INFOPLIST_KEY_UISupportedInterfaceOrientations_iPhone = "UIInterfaceOrientationPortrait UIInterfaceOrientationLandscapeLeft UIInterfaceOrientationLandscapeRight";
				LD_RUNPATH_SEARCH_PATHS = (
					"$(inherited)",
					"@executable_path/Frameworks",
				);
				MARKETING_VERSION = 1.0;
				PRODUCT_BUNDLE_IDENTIFIER = "com.suhail.Project11-BookWorm";
				PRODUCT_NAME = "$(TARGET_NAME)";
				SWIFT_EMIT_LOC_STRINGS = YES;
				SWIFT_VERSION = 5.0;
				TARGETED_DEVICE_FAMILY = "1,2";
			};
			name = Debug;
		};
		1ACA63032CECCCA1009E25E1 /* Release */ = {
			isa = XCBuildConfiguration;
			buildSettings = {
				ASSETCATALOG_COMPILER_APPICON_NAME = AppIcon;
				ASSETCATALOG_COMPILER_GLOBAL_ACCENT_COLOR_NAME = AccentColor;
				CODE_SIGN_STYLE = Automatic;
				CURRENT_PROJECT_VERSION = 1;
				DEVELOPMENT_ASSET_PATHS = "\"Project11-BookWorm/Preview Content\"";
				DEVELOPMENT_TEAM = 3L566L7593;
				ENABLE_PREVIEWS = YES;
				GENERATE_INFOPLIST_FILE = YES;
				INFOPLIST_KEY_UIApplicationSceneManifest_Generation = YES;
				INFOPLIST_KEY_UIApplicationSupportsIndirectInputEvents = YES;
				INFOPLIST_KEY_UILaunchScreen_Generation = YES;
				INFOPLIST_KEY_UISupportedInterfaceOrientations_iPad = "UIInterfaceOrientationPortrait UIInterfaceOrientationPortraitUpsideDown UIInterfaceOrientationLandscapeLeft UIInterfaceOrientationLandscapeRight";
				INFOPLIST_KEY_UISupportedInterfaceOrientations_iPhone = "UIInterfaceOrientationPortrait UIInterfaceOrientationLandscapeLeft UIInterfaceOrientationLandscapeRight";
				LD_RUNPATH_SEARCH_PATHS = (
					"$(inherited)",
					"@executable_path/Frameworks",
				);
				MARKETING_VERSION = 1.0;
				PRODUCT_BUNDLE_IDENTIFIER = "com.suhail.Project11-BookWorm";
				PRODUCT_NAME = "$(TARGET_NAME)";
				SWIFT_EMIT_LOC_STRINGS = YES;
				SWIFT_VERSION = 5.0;
				TARGETED_DEVICE_FAMILY = "1,2";
			};
			name = Release;
		};
/* End XCBuildConfiguration section */

/* Begin XCConfigurationList section */
		1ACA62EE2CECCCA0009E25E1 /* Build configuration list for PBXProject "Project11-BookWorm" */ = {
			isa = XCConfigurationList;
			buildConfigurations = (
				1ACA62FF2CECCCA1009E25E1 /* Debug */,
				1ACA63002CECCCA1009E25E1 /* Release */,
			);
			defaultConfigurationIsVisible = 0;
			defaultConfigurationName = Release;
		};
		1ACA63012CECCCA1009E25E1 /* Build configuration list for PBXNativeTarget "Project11-BookWorm" */ = {
			isa = XCConfigurationList;
			buildConfigurations = (
				1ACA63022CECCCA1009E25E1 /* Debug */,
				1ACA63032CECCCA1009E25E1 /* Release */,
			);
			defaultConfigurationIsVisible = 0;
			defaultConfigurationName = Release;
		};
/* End XCConfigurationList section */
	};
	rootObject = 1ACA62EB2CECCCA0009E25E1 /* Project object */;
}
